Microsoft Visual Studio Solution File, Format Version 12.00
# Visual Studio Version 17
VisualStudioVersion = 17.5.2.0
MinimumVisualStudioVersion = 10.0.40219.1
Project("{FAE04EC0-301F-11D3-BF4B-00C04F79EFBC}") = "WeatherAPI", "WeatherAPI.csproj", "{59B7DE80-3982-F0F9-E5D7-CAFE78C1D249}"
EndProject
Global
	GlobalSection(SolutionConfigurationPlatforms) = preSolution
		Debug|Any CPU = Debug|Any CPU
		Release|Any CPU = Release|Any CPU
	EndGlobalSection
	GlobalSection(ProjectConfigurationPlatforms) = postSolution
		{59B7DE80-3982-F0F9-E5D7-CAFE78C1D249}.Debug|Any CPU.ActiveCfg = Debug|Any CPU
		{59B7DE80-3982-F0F9-E5D7-CAFE78C1D249}.Debug|Any CPU.Build.0 = Debug|Any CPU
		{59B7DE80-3982-F0F9-E5D7-CAFE78C1D249}.Release|Any CPU.ActiveCfg = Release|Any CPU
		{59B7DE80-3982-F0F9-E5D7-CAFE78C1D249}.Release|Any CPU.Build.0 = Release|Any CPU
	EndGlobalSection
	GlobalSection(SolutionProperties) = preSolution
		HideSolutionNode = FALSE
	EndGlobalSection
	GlobalSection(ExtensibilityGlobals) = postSolution
		SolutionGuid = {F050C811-35BB-4509-B2DF-335A3D51067B}
	EndGlobalSection
EndGlobal
